
Microsoft Visual Studio Solution File, Format Version 12.00
# Visual Studio Version 17
VisualStudioVersion = 17.4.33205.214
MinimumVisualStudioVersion = 10.0.40219.1
Project("{FAE04EC0-301F-11D3-BF4B-00C04F79EFBC}") = "DrawTriangle", "DrawTriangle\DrawTriangle.csproj", "{6C31A7D2-D349-457E-A140-7C03F7E6E9B5}"
EndProject
Project("{FAE04EC0-301F-11D3-BF4B-00C04F79EFBC}") = "Fibonacci", "Fibonacci\Fibonacci.csproj", "{DE98BEB0-8850-4E82-B2A9-2D98561F31DF}"
EndProject
Project("{FAE04EC0-301F-11D3-BF4B-00C04F79EFBC}") = "DrawCircle", "DrawCircle\DrawCircle.csproj", "{6CC150CB-68FF-4D54-A2D4-D7B3F2839122}"
EndProject
Project("{FAE04EC0-301F-11D3-BF4B-00C04F79EFBC}") = "DeleteChar", "DeleteChar\DeleteChar.csproj", "{CB79B68B-942A-4706-8023-A054F4D33BDD}"
EndProject
Project("{FAE04EC0-301F-11D3-BF4B-00C04F79EFBC}") = "InitialAtEnd", "InitialAtEnd\InitialAtEnd.csproj", "{82930643-538F-4667-BC94-164CA69B30ED}"
EndProject
Global
	GlobalSection(SolutionConfigurationPlatforms) = preSolution
		Debug|Any CPU = Debug|Any CPU
		Release|Any CPU = Release|Any CPU
	EndGlobalSection
	GlobalSection(ProjectConfigurationPlatforms) = postSolution
		{6C31A7D2-D349-457E-A140-7C03F7E6E9B5}.Debug|Any CPU.ActiveCfg = Debug|Any CPU
		{6C31A7D2-D349-457E-A140-7C03F7E6E9B5}.Debug|Any CPU.Build.0 = Debug|Any CPU
		{6C31A7D2-D349-457E-A140-7C03F7E6E9B5}.Release|Any CPU.ActiveCfg = Release|Any CPU
		{6C31A7D2-D349-457E-A140-7C03F7E6E9B5}.Release|Any CPU.Build.0 = Release|Any CPU
		{DE98BEB0-8850-4E82-B2A9-2D98561F31DF}.Debug|Any CPU.ActiveCfg = Debug|Any CPU
		{DE98BEB0-8850-4E82-B2A9-2D98561F31DF}.Debug|Any CPU.Build.0 = Debug|Any CPU
		{DE98BEB0-8850-4E82-B2A9-2D98561F31DF}.Release|Any CPU.ActiveCfg = Release|Any CPU
		{DE98BEB0-8850-4E82-B2A9-2D98561F31DF}.Release|Any CPU.Build.0 = Release|Any CPU
		{6CC150CB-68FF-4D54-A2D4-D7B3F2839122}.Debug|Any CPU.ActiveCfg = Debug|Any CPU
		{6CC150CB-68FF-4D54-A2D4-D7B3F2839122}.Debug|Any CPU.Build.0 = Debug|Any CPU
		{6CC150CB-68FF-4D54-A2D4-D7B3F2839122}.Release|Any CPU.ActiveCfg = Release|Any CPU
		{6CC150CB-68FF-4D54-A2D4-D7B3F2839122}.Release|Any CPU.Build.0 = Release|Any CPU
		{CB79B68B-942A-4706-8023-A054F4D33BDD}.Debug|Any CPU.ActiveCfg = Debug|Any CPU
		{CB79B68B-942A-4706-8023-A054F4D33BDD}.Debug|Any CPU.Build.0 = Debug|Any CPU
		{CB79B68B-942A-4706-8023-A054F4D33BDD}.Release|Any CPU.ActiveCfg = Release|Any CPU
		{CB79B68B-942A-4706-8023-A054F4D33BDD}.Release|Any CPU.Build.0 = Release|Any CPU
		{82930643-538F-4667-BC94-164CA69B30ED}.Debug|Any CPU.ActiveCfg = Debug|Any CPU
		{82930643-538F-4667-BC94-164CA69B30ED}.Debug|Any CPU.Build.0 = Debug|Any CPU
		{82930643-538F-4667-BC94-164CA69B30ED}.Release|Any CPU.ActiveCfg = Release|Any CPU
		{82930643-538F-4667-BC94-164CA69B30ED}.Release|Any CPU.Build.0 = Release|Any CPU
	EndGlobalSection
	GlobalSection(SolutionProperties) = preSolution
		HideSolutionNode = FALSE
	EndGlobalSection
	GlobalSection(ExtensibilityGlobals) = postSolution
		SolutionGuid = {9FBBF576-AEDB-43B7-953B-574604B5C0BF}
	EndGlobalSection
EndGlobal
